
Microsoft Visual Studio Solution File, Format Version 12.00
# Visual Studio Version 16
VisualStudioVersion = 16.0.30607.51
MinimumVisualStudioVersion = 10.0.40219.1
Project("{FAE04EC0-301F-11D3-BF4B-00C04F79EFBC}") = "ConsumeAPI", "ConsumeAPI\ConsumeAPI.csproj", "{125D8899-F899-4FE3-9004-210E7E29557E}"
EndProject
Global
	GlobalSection(SolutionConfigurationPlatforms) = preSolution
		Debug|Any CPU = Debug|Any CPU
		Release|Any CPU = Release|Any CPU
	EndGlobalSection
	GlobalSection(ProjectConfigurationPlatforms) = postSolution
		{125D8899-F899-4FE3-9004-210E7E29557E}.Debug|Any CPU.ActiveCfg = Debug|Any CPU
		{125D8899-F899-4FE3-9004-210E7E29557E}.Debug|Any CPU.Build.0 = Debug|Any CPU
		{125D8899-F899-4FE3-9004-210E7E29557E}.Release|Any CPU.ActiveCfg = Release|Any CPU
		{125D8899-F899-4FE3-9004-210E7E29557E}.Release|Any CPU.Build.0 = Release|Any CPU
	EndGlobalSection
	GlobalSection(SolutionProperties) = preSolution
		HideSolutionNode = FALSE
	EndGlobalSection
	GlobalSection(ExtensibilityGlobals) = postSolution
		SolutionGuid = {9DDD2E20-B057-4A6D-B084-2B30260E49A3}
	EndGlobalSection
EndGlobal
